
Microsoft Visual Studio Solution File, Format Version 12.00
# Visual Studio Version 16
VisualStudioVersion = 16.0.31205.134
MinimumVisualStudioVersion = 10.0.40219.1
Project("{FAE04EC0-301F-11D3-BF4B-00C04F79EFBC}") = "StoreFrontMCV", "StoreFrontMCV\StoreFrontMCV.csproj", "{3AA9F217-D5BB-46C1-B8FE-90BCBBCB0EB2}"
EndProject
Global
	GlobalSection(SolutionConfigurationPlatforms) = preSolution
		Debug|Any CPU = Debug|Any CPU
		Release|Any CPU = Release|Any CPU
	EndGlobalSection
	GlobalSection(ProjectConfigurationPlatforms) = postSolution
		{3AA9F217-D5BB-46C1-B8FE-90BCBBCB0EB2}.Debug|Any CPU.ActiveCfg = Debug|Any CPU
		{3AA9F217-D5BB-46C1-B8FE-90BCBBCB0EB2}.Debug|Any CPU.Build.0 = Debug|Any CPU
		{3AA9F217-D5BB-46C1-B8FE-90BCBBCB0EB2}.Release|Any CPU.ActiveCfg = Release|Any CPU
		{3AA9F217-D5BB-46C1-B8FE-90BCBBCB0EB2}.Release|Any CPU.Build.0 = Release|Any CPU
	EndGlobalSection
	GlobalSection(SolutionProperties) = preSolution
		HideSolutionNode = FALSE
	EndGlobalSection
	GlobalSection(ExtensibilityGlobals) = postSolution
		SolutionGuid = {24402634-5CBA-46D7-A24F-968B18ED591B}
	EndGlobalSection
EndGlobal
